// !$*UTF8*$!
{
	archiveVersion = 1;
	classes = {
	};
	objectVersion = 46;
	objects = {

/* Begin PBXBuildFile section */
		4E104A4B1DBD82520085180C /* AppearHomeNavigation.swift in Sources */ = {isa = PBXBuildFile; fileRef = 4E104A4A1DBD82520085180C /* AppearHomeNavigation.swift */; };
		4E104A501DBED28B0085180C /* FBPopUpView.swift in Sources */ = {isa = PBXBuildFile; fileRef = 4E104A4F1DBED28B0085180C /* FBPopUpView.swift */; };
		4E104A521DBEF5230085180C /* User.swift in Sources */ = {isa = PBXBuildFile; fileRef = 4E104A511DBEF5230085180C /* User.swift */; };
		4E104A561DC042980085180C /* VendorProfile.swift in Sources */ = {isa = PBXBuildFile; fileRef = 4E104A551DC042980085180C /* VendorProfile.swift */; };
		4E10B4851DB1BBA100E07B84 /* CircularTransition.swift in Sources */ = {isa = PBXBuildFile; fileRef = 4E10B4841DB1BBA100E07B84 /* CircularTransition.swift */; };
		4E16948D1DB5AFB800301B77 /* AddressCell.swift in Sources */ = {isa = PBXBuildFile; fileRef = 4E16948C1DB5AFB800301B77 /* AddressCell.swift */; };
		4E16948F1DB5C38A00301B77 /* AddressModel.swift in Sources */ = {isa = PBXBuildFile; fileRef = 4E16948E1DB5C38A00301B77 /* AddressModel.swift */; };
		4E23C5D41DAB1981001022A9 /* ProfileView.swift in Sources */ = {isa = PBXBuildFile; fileRef = 4E23C5D31DAB1981001022A9 /* ProfileView.swift */; };
		4E570B851DA2284200E2AC3F /* AppDelegate.swift in Sources */ = {isa = PBXBuildFile; fileRef = 4E570B841DA2284200E2AC3F /* AppDelegate.swift */; };
		4E570B871DA2284200E2AC3F /* ViewController.swift in Sources */ = {isa = PBXBuildFile; fileRef = 4E570B861DA2284200E2AC3F /* ViewController.swift */; };
		4E570B8A1DA2284200E2AC3F /* Main.storyboard in Resources */ = {isa = PBXBuildFile; fileRef = 4E570B881DA2284200E2AC3F /* Main.storyboard */; };
		4E570B8D1DA2284200E2AC3F /* AppearLoginProfile.xcdatamodeld in Sources */ = {isa = PBXBuildFile; fileRef = 4E570B8B1DA2284200E2AC3F /* AppearLoginProfile.xcdatamodeld */; };
		4E570B8F1DA2284200E2AC3F /* Assets.xcassets in Resources */ = {isa = PBXBuildFile; fileRef = 4E570B8E1DA2284200E2AC3F /* Assets.xcassets */; };
		4E570B921DA2284200E2AC3F /* LaunchScreen.storyboard in Resources */ = {isa = PBXBuildFile; fileRef = 4E570B901DA2284200E2AC3F /* LaunchScreen.storyboard */; };
		4E5FE3441DA7332300B05F54 /* FacebookLoginPopUp.swift in Sources */ = {isa = PBXBuildFile; fileRef = 4E5FE3431DA7332300B05F54 /* FacebookLoginPopUp.swift */; };
		4E5FE3461DA747CC00B05F54 /* profilePicture@3x.png in Resources */ = {isa = PBXBuildFile; fileRef = 4E5FE3451DA747CC00B05F54 /* profilePicture@3x.png */; };
		4E69FCC31DB6CE4F00D01986 /* AddSound.mp3 in Resources */ = {isa = PBXBuildFile; fileRef = 4E69FCC21DB6CE4F00D01986 /* AddSound.mp3 */; };
		4E69FCC51DB6D73500D01986 /* Pop.mp3 in Resources */ = {isa = PBXBuildFile; fileRef = 4E69FCC41DB6D73500D01986 /* Pop.mp3 */; };
		4E69FCC71DB7358100D01986 /* AddressList.swift in Sources */ = {isa = PBXBuildFile; fileRef = 4E69FCC61DB7358000D01986 /* AddressList.swift */; };
		4E69FCC91DB7881F00D01986 /* swish.mp3 in Resources */ = {isa = PBXBuildFile; fileRef = 4E69FCC81DB7881E00D01986 /* swish.mp3 */; };
		4E69FCCB1DB788C100D01986 /* swipe.mp3 in Resources */ = {isa = PBXBuildFile; fileRef = 4E69FCCA1DB788C100D01986 /* swipe.mp3 */; };
		4E79B53B1DB88EC9005630B4 /* ShoppingExperience.storyboard in Resources */ = {isa = PBXBuildFile; fileRef = 4E79B53A1DB88EC9005630B4 /* ShoppingExperience.storyboard */; };
		4E79B53F1DB8A3D1005630B4 /* StoreListViewController.swift in Sources */ = {isa = PBXBuildFile; fileRef = 4E79B53E1DB8A3D1005630B4 /* StoreListViewController.swift */; };
		4E79B5411DB8C808005630B4 /* storeProfileCell.xib in Resources */ = {isa = PBXBuildFile; fileRef = 4E79B5401DB8C808005630B4 /* storeProfileCell.xib */; };
		4E79B5461DB8CACB005630B4 /* StoreProfileList.swift in Sources */ = {isa = PBXBuildFile; fileRef = 4E79B5451DB8CACB005630B4 /* StoreProfileList.swift */; };
		4E79B5481DB8DAA9005630B4 /* VCR_OSD_MONO.ttf in Resources */ = {isa = PBXBuildFile; fileRef = 4E79B5471DB8DAA9005630B4 /* VCR_OSD_MONO.ttf */; };
		4E79B54A1DB980B3005630B4 /* Vendor.swift in Sources */ = {isa = PBXBuildFile; fileRef = 4E79B5491DB980B3005630B4 /* Vendor.swift */; };
		4E7A579E1DA31AE40044CBBE /* ProfileViewController.swift in Sources */ = {isa = PBXBuildFile; fileRef = 4E7A579D1DA31AE40044CBBE /* ProfileViewController.swift */; };
		4EA8CE341DA2377600AFFC0E /* Podfile in Resources */ = {isa = PBXBuildFile; fileRef = 4EA8CE331DA2377600AFFC0E /* Podfile */; };
		4EAA29311DC2B93900BD02EC /* VendorLogo.swift in Sources */ = {isa = PBXBuildFile; fileRef = 4EAA29301DC2B93900BD02EC /* VendorLogo.swift */; };
		4EAA29331DC2B9BB00BD02EC /* VendorPage.swift in Sources */ = {isa = PBXBuildFile; fileRef = 4EAA29321DC2B9BB00BD02EC /* VendorPage.swift */; };
		4EAE25541DA7137300EF3CDE /* FacebookLoginBlurBG.png in Resources */ = {isa = PBXBuildFile; fileRef = 4EAE25531DA7137300EF3CDE /* FacebookLoginBlurBG.png */; };
		4EAE25561DA71B6800EF3CDE /* facebookPopUpView.png in Resources */ = {isa = PBXBuildFile; fileRef = 4EAE25551DA71B6800EF3CDE /* facebookPopUpView.png */; };
		4EB4C2DC1DAF5C9200691EC4 /* AddressMapView.swift in Sources */ = {isa = PBXBuildFile; fileRef = 4EB4C2DB1DAF5C9200691EC4 /* AddressMapView.swift */; };
		4EB8594F1DAC89B6007CA92F /* Montserrat-Regular.ttf in Resources */ = {isa = PBXBuildFile; fileRef = 4E98677F1DA61C9D0007E162 /* Montserrat-Regular.ttf */; };
		4EB859501DAC89BA007CA92F /* SF-UI-Text-Medium.otf in Resources */ = {isa = PBXBuildFile; fileRef = 4E9867801DA61CD60007E162 /* SF-UI-Text-Medium.otf */; };
		4EB859511DAC89C5007CA92F /* Blair ITC Std.ttf in Resources */ = {isa = PBXBuildFile; fileRef = 4E98677D1DA61C4B0007E162 /* Blair ITC Std.ttf */; };
		4EB859521DAC89C8007CA92F /* syncopate-regular.ttf in Resources */ = {isa = PBXBuildFile; fileRef = 4EB2B0861DA4B49800181DD5 /* syncopate-regular.ttf */; };
		4EB859531DAC89CB007CA92F /* GothamHTF-Book.ttf in Resources */ = {isa = PBXBuildFile; fileRef = 4E98677E1DA61C6C0007E162 /* GothamHTF-Book.ttf */; };
		4EB859541DAC89CE007CA92F /* SFNSDisplay.ttf in Resources */ = {isa = PBXBuildFile; fileRef = 4E9867811DA666A30007E162 /* SFNSDisplay.ttf */; };
		4EB8595B1DADED5F007CA92F /* AddressGalleryView.swift in Sources */ = {isa = PBXBuildFile; fileRef = 4EB8595A1DADED5F007CA92F /* AddressGalleryView.swift */; };
		4EC8D98E1DC1A6BE00815CA3 /* ProductViewCell.xib in Resources */ = {isa = PBXBuildFile; fileRef = 4EC8D98D1DC1A6BE00815CA3 /* ProductViewCell.xib */; };
		4EC8D9911DC1A86C00815CA3 /* Product.swift in Sources */ = {isa = PBXBuildFile; fileRef = 4EC8D9901DC1A86C00815CA3 /* Product.swift */; };
		4EC8D9951DC1A92700815CA3 /* Option.swift in Sources */ = {isa = PBXBuildFile; fileRef = 4EC8D9941DC1A92700815CA3 /* Option.swift */; };
		4EC8D9971DC1A95500815CA3 /* ProductCell.swift in Sources */ = {isa = PBXBuildFile; fileRef = 4EC8D9961DC1A95500815CA3 /* ProductCell.swift */; };
		4ED51B561DBB104E0075375E /* profileSegue.swift in Sources */ = {isa = PBXBuildFile; fileRef = 4ED51B551DBB104E0075375E /* profileSegue.swift */; };
		4ED51B5B1DBB2C950075375E /* view1.swift in Sources */ = {isa = PBXBuildFile; fileRef = 4ED51B591DBB2C950075375E /* view1.swift */; };
		4ED51B621DBB57D50075375E /* View2.swift in Sources */ = {isa = PBXBuildFile; fileRef = 4ED51B601DBB57D50075375E /* View2.swift */; };
		4ED51B661DBC42B70075375E /* View3.swift in Sources */ = {isa = PBXBuildFile; fileRef = 4ED51B641DBC42B70075375E /* View3.swift */; };
		4EEE70441DA26CF2002FF72B /* GoogleService-Info.plist in Resources */ = {isa = PBXBuildFile; fileRef = 4EEE70431DA26CF2002FF72B /* GoogleService-Info.plist */; };
		4EFBBC7E1DAB505500F20D34 /* ViewProfilePopUp.swift in Sources */ = {isa = PBXBuildFile; fileRef = 4EFBBC7D1DAB505500F20D34 /* ViewProfilePopUp.swift */; };
		E0D6C6B4C3DB1221373E2A9C /* Pods_AppearLoginProfile.framework in Frameworks */ = {isa = PBXBuildFile; fileRef = 726B5E968CAB1F910F08A1DD /* Pods_AppearLoginProfile.framework */; };
/* End PBXBuildFile section */

/* Begin PBXFileReference section */
		302960D57C7FCFE0D133EFBC /* Pods-AppearLoginProfile.debug.xcconfig */ = {isa = PBXFileReference; includeInIndex = 1; lastKnownFileType = text.xcconfig; name = "Pods-AppearLoginProfile.debug.xcconfig"; path = "Pods/Target Support Files/Pods-AppearLoginProfile/Pods-AppearLoginProfile.debug.xcconfig"; sourceTree = "<group>"; };
		4221072A6F8F629821A45100 /* Pods-AppearLoginProfile.release.xcconfig */ = {isa = PBXFileReference; includeInIndex = 1; lastKnownFileType = text.xcconfig; name = "Pods-AppearLoginProfile.release.xcconfig"; path = "Pods/Target Support Files/Pods-AppearLoginProfile/Pods-AppearLoginProfile.release.xcconfig"; sourceTree = "<group>"; };
		4E104A4A1DBD82520085180C /* AppearHomeNavigation.swift */ = {isa = PBXFileReference; fileEncoding = 4; lastKnownFileType = sourcecode.swift; path = AppearHomeNavigation.swift; sourceTree = "<group>"; };
		4E104A4F1DBED28B0085180C /* FBPopUpView.swift */ = {isa = PBXFileReference; fileEncoding = 4; lastKnownFileType = sourcecode.swift; path = FBPopUpView.swift; sourceTree = "<group>"; };
		4E104A511DBEF5230085180C /* User.swift */ = {isa = PBXFileReference; fileEncoding = 4; lastKnownFileType = sourcecode.swift; path = User.swift; sourceTree = "<group>"; };
		4E104A551DC042980085180C /* VendorProfile.swift */ = {isa = PBXFileReference; fileEncoding = 4; lastKnownFileType = sourcecode.swift; path = VendorProfile.swift; sourceTree = "<group>"; };
		4E10B4841DB1BBA100E07B84 /* CircularTransition.swift */ = {isa = PBXFileReference; fileEncoding = 4; lastKnownFileType = sourcecode.swift; path = CircularTransition.swift; sourceTree = "<group>"; };
		4E16948C1DB5AFB800301B77 /* AddressCell.swift */ = {isa = PBXFileReference; fileEncoding = 4; lastKnownFileType = sourcecode.swift; path = AddressCell.swift; sourceTree = "<group>"; };
		4E16948E1DB5C38A00301B77 /* AddressModel.swift */ = {isa = PBXFileReference; fileEncoding = 4; lastKnownFileType = sourcecode.swift; path = AddressModel.swift; sourceTree = "<group>"; };
		4E23C5D31DAB1981001022A9 /* ProfileView.swift */ = {isa = PBXFileReference; fileEncoding = 4; lastKnownFileType = sourcecode.swift; path = ProfileView.swift; sourceTree = "<group>"; };
		4E570B811DA2284200E2AC3F /* AppearLoginProfile.app */ = {isa = PBXFileReference; explicitFileType = wrapper.application; includeInIndex = 0; path = AppearLoginProfile.app; sourceTree = BUILT_PRODUCTS_DIR; };
		4E570B841DA2284200E2AC3F /* AppDelegate.swift */ = {isa = PBXFileReference; lastKnownFileType = sourcecode.swift; path = AppDelegate.swift; sourceTree = "<group>"; };
		4E570B861DA2284200E2AC3F /* ViewController.swift */ = {isa = PBXFileReference; lastKnownFileType = sourcecode.swift; path = ViewController.swift; sourceTree = "<group>"; };
		4E570B891DA2284200E2AC3F /* Base */ = {isa = PBXFileReference; lastKnownFileType = file.storyboard; name = Base; path = Base.lproj/Main.storyboard; sourceTree = "<group>"; };
		4E570B8C1DA2284200E2AC3F /* AppearLoginProfile.xcdatamodel */ = {isa = PBXFileReference; lastKnownFileType = wrapper.xcdatamodel; path = AppearLoginProfile.xcdatamodel; sourceTree = "<group>"; };
		4E570B8E1DA2284200E2AC3F /* Assets.xcassets */ = {isa = PBXFileReference; lastKnownFileType = folder.assetcatalog; name = Assets.xcassets; path = AppearLoginProfile/Assets.xcassets; sourceTree = "<group>"; };
		4E570B911DA2284200E2AC3F /* Base */ = {isa = PBXFileReference; lastKnownFileType = file.storyboard; name = Base; path = Base.lproj/LaunchScreen.storyboard; sourceTree = "<group>"; };
		4E570B931DA2284200E2AC3F /* Info.plist */ = {isa = PBXFileReference; lastKnownFileType = text.plist.xml; name = Info.plist; path = AppearLoginProfile/Info.plist; sourceTree = "<group>"; };
		4E5FE3431DA7332300B05F54 /* FacebookLoginPopUp.swift */ = {isa = PBXFileReference; fileEncoding = 4; lastKnownFileType = sourcecode.swift; path = FacebookLoginPopUp.swift; sourceTree = "<group>"; };
		4E5FE3451DA747CC00B05F54 /* profilePicture@3x.png */ = {isa = PBXFileReference; lastKnownFileType = image.png; name = "profilePicture@3x.png"; path = "../Appear Profile/Assets/profilePicture@3x.png"; sourceTree = "<group>"; };
		4E69FCC21DB6CE4F00D01986 /* AddSound.mp3 */ = {isa = PBXFileReference; lastKnownFileType = audio.mp3; name = AddSound.mp3; path = ../../Downloads/AddSound.mp3; sourceTree = "<group>"; };
		4E69FCC41DB6D73500D01986 /* Pop.mp3 */ = {isa = PBXFileReference; lastKnownFileType = audio.mp3; name = Pop.mp3; path = ../../Downloads/Pop.mp3; sourceTree = "<group>"; };
		4E69FCC61DB7358000D01986 /* AddressList.swift */ = {isa = PBXFileReference; fileEncoding = 4; lastKnownFileType = sourcecode.swift; path = AddressList.swift; sourceTree = "<group>"; };
		4E69FCC81DB7881E00D01986 /* swish.mp3 */ = {isa = PBXFileReference; lastKnownFileType = audio.mp3; name = swish.mp3; path = ../../Downloads/swish.mp3; sourceTree = "<group>"; };
		4E69FCCA1DB788C100D01986 /* swipe.mp3 */ = {isa = PBXFileReference; lastKnownFileType = audio.mp3; name = swipe.mp3; path = ../../Downloads/swipe.mp3; sourceTree = "<group>"; };
		4E79B53A1DB88EC9005630B4 /* ShoppingExperience.storyboard */ = {isa = PBXFileReference; fileEncoding = 4; lastKnownFileType = file.storyboard; path = ShoppingExperience.storyboard; sourceTree = "<group>"; };
		4E79B53E1DB8A3D1005630B4 /* StoreListViewController.swift */ = {isa = PBXFileReference; fileEncoding = 4; lastKnownFileType = sourcecode.swift; path = StoreListViewController.swift; sourceTree = "<group>"; };
		4E79B5401DB8C808005630B4 /* storeProfileCell.xib */ = {isa = PBXFileReference; fileEncoding = 4; lastKnownFileType = file.xib; name = storeProfileCell.xib; path = AppearLoginProfile/storeProfileCell.xib; sourceTree = "<group>"; };
		4E79B5451DB8CACB005630B4 /* StoreProfileList.swift */ = {isa = PBXFileReference; fileEncoding = 4; lastKnownFileType = sourcecode.swift; path = StoreProfileList.swift; sourceTree = "<group>"; };
		4E79B5471DB8DAA9005630B4 /* VCR_OSD_MONO.ttf */ = {isa = PBXFileReference; lastKnownFileType = file; name = VCR_OSD_MONO.ttf; path = ../../Downloads/VCR_OSD_MONO.ttf; sourceTree = "<group>"; };
		4E79B5491DB980B3005630B4 /* Vendor.swift */ = {isa = PBXFileReference; fileEncoding = 4; lastKnownFileType = sourcecode.swift; path = Vendor.swift; sourceTree = "<group>"; };
		4E7A579C1DA30E590044CBBE /* AppearLoginProfile.entitlements */ = {isa = PBXFileReference; lastKnownFileType = text.plist.entitlements; name = AppearLoginProfile.entitlements; path = AppearLoginProfile/AppearLoginProfile.entitlements; sourceTree = "<group>"; };
		4E7A579D1DA31AE40044CBBE /* ProfileViewController.swift */ = {isa = PBXFileReference; fileEncoding = 4; lastKnownFileType = sourcecode.swift; path = ProfileViewController.swift; sourceTree = "<group>"; };
		4E98677D1DA61C4B0007E162 /* Blair ITC Std.ttf */ = {isa = PBXFileReference; lastKnownFileType = file; name = "Blair ITC Std.ttf"; path = "../../Downloads/OnlineWebFonts_COM_96ca96347d9b4ebe52536769ecb40e6f/Blair ITC Std/Blair ITC Std.ttf"; sourceTree = "<group>"; };
		4E98677E1DA61C6C0007E162 /* GothamHTF-Book.ttf */ = {isa = PBXFileReference; lastKnownFileType = file; name = "GothamHTF-Book.ttf"; path = "../../Downloads/iOSAppearApp-master 2/GothamHTF-Book.ttf"; sourceTree = "<group>"; };
		4E98677F1DA61C9D0007E162 /* Montserrat-Regular.ttf */ = {isa = PBXFileReference; lastKnownFileType = file; name = "Montserrat-Regular.ttf"; path = "../../Downloads/iOSAppearApp-master 2/Montserrat-Regular.ttf"; sourceTree = "<group>"; };
		4E9867801DA61CD60007E162 /* SF-UI-Text-Medium.otf */ = {isa = PBXFileReference; lastKnownFileType = file; name = "SF-UI-Text-Medium.otf"; path = "../../Downloads/SF UI/SF-UI-Text/SF-UI-Text-Medium.otf"; sourceTree = "<group>"; };
		4E9867811DA666A30007E162 /* SFNSDisplay.ttf */ = {isa = PBXFileReference; lastKnownFileType = file; name = SFNSDisplay.ttf; path = ../../../../System/Library/Fonts/SFNSDisplay.ttf; sourceTree = "<group>"; };
		4EA8CE2E1DA2332F00AFFC0E /* AppearLoginBridgingHeader.h */ = {isa = PBXFileReference; lastKnownFileType = sourcecode.c.h; path = AppearLoginBridgingHeader.h; sourceTree = "<group>"; };
		4EA8CE331DA2377600AFFC0E /* Podfile */ = {isa = PBXFileReference; fileEncoding = 4; lastKnownFileType = text; path = Podfile; sourceTree = "<group>"; xcLanguageSpecificationIdentifier = xcode.lang.ruby; };
		4EAA29301DC2B93900BD02EC /* VendorLogo.swift */ = {isa = PBXFileReference; fileEncoding = 4; lastKnownFileType = sourcecode.swift; path = VendorLogo.swift; sourceTree = "<group>"; };
		4EAA29321DC2B9BB00BD02EC /* VendorPage.swift */ = {isa = PBXFileReference; fileEncoding = 4; lastKnownFileType = sourcecode.swift; path = VendorPage.swift; sourceTree = "<group>"; };
		4EAE25531DA7137300EF3CDE /* FacebookLoginBlurBG.png */ = {isa = PBXFileReference; lastKnownFileType = image.png; name = FacebookLoginBlurBG.png; path = ../../Downloads/FacebookLoginBlurBG.png; sourceTree = "<group>"; };
		4EAE25551DA71B6800EF3CDE /* facebookPopUpView.png */ = {isa = PBXFileReference; lastKnownFileType = image.png; name = facebookPopUpView.png; path = ../../Downloads/facebookPopUpView.png; sourceTree = "<group>"; };
		4EB2B0861DA4B49800181DD5 /* syncopate-regular.ttf */ = {isa = PBXFileReference; lastKnownFileType = file; name = "syncopate-regular.ttf"; path = "../../Downloads/iOSAppearApp-master 2/syncopate-regular.ttf"; sourceTree = "<group>"; };
		4EB4C2DB1DAF5C9200691EC4 /* AddressMapView.swift */ = {isa = PBXFileReference; fileEncoding = 4; lastKnownFileType = sourcecode.swift; path = AddressMapView.swift; sourceTree = "<group>"; };
		4EB8595A1DADED5F007CA92F /* AddressGalleryView.swift */ = {isa = PBXFileReference; fileEncoding = 4; lastKnownFileType = sourcecode.swift; path = AddressGalleryView.swift; sourceTree = "<group>"; };
		4EC8D98D1DC1A6BE00815CA3 /* ProductViewCell.xib */ = {isa = PBXFileReference; fileEncoding = 4; lastKnownFileType = file.xib; path = ProductViewCell.xib; sourceTree = "<group>"; };
		4EC8D9901DC1A86C00815CA3 /* Product.swift */ = {isa = PBXFileReference; fileEncoding = 4; lastKnownFileType = sourcecode.swift; path = Product.swift; sourceTree = "<group>"; };
		4EC8D9941DC1A92700815CA3 /* Option.swift */ = {isa = PBXFileReference; fileEncoding = 4; lastKnownFileType = sourcecode.swift; path = Option.swift; sourceTree = "<group>"; };
		4EC8D9961DC1A95500815CA3 /* ProductCell.swift */ = {isa = PBXFileReference; fileEncoding = 4; lastKnownFileType = sourcecode.swift; path = ProductCell.swift; sourceTree = "<group>"; };
		4ED51B551DBB104E0075375E /* profileSegue.swift */ = {isa = PBXFileReference; fileEncoding = 4; lastKnownFileType = sourcecode.swift; name = profileSegue.swift; path = ../profileSegue.swift; sourceTree = "<group>"; };
		4ED51B591DBB2C950075375E /* view1.swift */ = {isa = PBXFileReference; fileEncoding = 4; lastKnownFileType = sourcecode.swift; path = view1.swift; sourceTree = "<group>"; };
		4ED51B601DBB57D50075375E /* View2.swift */ = {isa = PBXFileReference; fileEncoding = 4; lastKnownFileType = sourcecode.swift; path = View2.swift; sourceTree = "<group>"; };
		4ED51B641DBC42B70075375E /* View3.swift */ = {isa = PBXFileReference; fileEncoding = 4; lastKnownFileType = sourcecode.swift; path = View3.swift; sourceTree = "<group>"; };
		4EEE70431DA26CF2002FF72B /* GoogleService-Info.plist */ = {isa = PBXFileReference; fileEncoding = 4; lastKnownFileType = text.plist.xml; path = "GoogleService-Info.plist"; sourceTree = "<group>"; };
		4EFBBC7D1DAB505500F20D34 /* ViewProfilePopUp.swift */ = {isa = PBXFileReference; fileEncoding = 4; lastKnownFileType = sourcecode.swift; path = ViewProfilePopUp.swift; sourceTree = "<group>"; };
		726B5E968CAB1F910F08A1DD /* Pods_AppearLoginProfile.framework */ = {isa = PBXFileReference; explicitFileType = wrapper.framework; includeInIndex = 0; path = Pods_AppearLoginProfile.framework; sourceTree = BUILT_PRODUCTS_DIR; };
/* End PBXFileReference section */

/* Begin PBXFrameworksBuildPhase section */
		4E570B7E1DA2284200E2AC3F /* Frameworks */ = {
			isa = PBXFrameworksBuildPhase;
			buildActionMask = 2147483647;
			files = (
				E0D6C6B4C3DB1221373E2A9C /* Pods_AppearLoginProfile.framework in Frameworks */,
			);
			runOnlyForDeploymentPostprocessing = 0;
		};
/* End PBXFrameworksBuildPhase section */

/* Begin PBXGroup section */
		177A164FE5F8EB03B01A1578 /* Pods */ = {
			isa = PBXGroup;
			children = (
				302960D57C7FCFE0D133EFBC /* Pods-AppearLoginProfile.debug.xcconfig */,
				4221072A6F8F629821A45100 /* Pods-AppearLoginProfile.release.xcconfig */,
			);
			name = Pods;
			sourceTree = "<group>";
		};
		28B96C90EF970ED6713FA784 /* Frameworks */ = {
			isa = PBXGroup;
			children = (
				726B5E968CAB1F910F08A1DD /* Pods_AppearLoginProfile.framework */,
			);
			name = Frameworks;
			sourceTree = "<group>";
		};
		4E570B781DA2284200E2AC3F = {
			isa = PBXGroup;
			children = (
				4EA8CE331DA2377600AFFC0E /* Podfile */,
				4EA8CE2E1DA2332F00AFFC0E /* AppearLoginBridgingHeader.h */,
				4ED51B511DBAF6050075375E /* Storyboard */,
				4E570B881DA2284200E2AC3F /* Main.storyboard */,
				4E79B5351DB88D2B005630B4 /* ShoppingExperience */,
				4EEE70431DA26CF2002FF72B /* GoogleService-Info.plist */,
				4E570B8E1DA2284200E2AC3F /* Assets.xcassets */,
				4E7A579C1DA30E590044CBBE /* AppearLoginProfile.entitlements */,
				4E570B8B1DA2284200E2AC3F /* AppearLoginProfile.xcdatamodeld */,
				4E570B931DA2284200E2AC3F /* Info.plist */,
				4E570B831DA2284200E2AC3F /* AppearLoginProfile */,
				4E69FCC11DB6CE3A00D01986 /* Sounds */,
				4EAE25521DA7132200EF3CDE /* Images */,
				4E570B821DA2284200E2AC3F /* Products */,
				177A164FE5F8EB03B01A1578 /* Pods */,
				4EB2B0851DA4B47B00181DD5 /* Fonts */,
				28B96C90EF970ED6713FA784 /* Frameworks */,
			);
			sourceTree = "<group>";
		};
		4E570B821DA2284200E2AC3F /* Products */ = {
			isa = PBXGroup;
			children = (
				4E570B811DA2284200E2AC3F /* AppearLoginProfile.app */,
			);
			name = Products;
			sourceTree = "<group>";
		};
		4E570B831DA2284200E2AC3F /* AppearLoginProfile */ = {
			isa = PBXGroup;
			children = (
				4E570B861DA2284200E2AC3F /* ViewController.swift */,
				4E5FE3431DA7332300B05F54 /* FacebookLoginPopUp.swift */,
				4E570B901DA2284200E2AC3F /* LaunchScreen.storyboard */,
			);
			path = AppearLoginProfile;
			sourceTree = "<group>";
		};
		4E69FCC11DB6CE3A00D01986 /* Sounds */ = {
			isa = PBXGroup;
			children = (
				4E69FCC41DB6D73500D01986 /* Pop.mp3 */,
				4E69FCC81DB7881E00D01986 /* swish.mp3 */,
				4E69FCCA1DB788C100D01986 /* swipe.mp3 */,
				4E69FCC21DB6CE4F00D01986 /* AddSound.mp3 */,
			);
			name = Sounds;
			sourceTree = "<group>";
		};
		4E79B5351DB88D2B005630B4 /* ShoppingExperience */ = {
			isa = PBXGroup;
			children = (
				4E79B53E1DB8A3D1005630B4 /* StoreListViewController.swift */,
				4E7A579D1DA31AE40044CBBE /* ProfileViewController.swift */,
				4E570B841DA2284200E2AC3F /* AppDelegate.swift */,
			);
			name = ShoppingExperience;
			path = AppearLoginProfile;
			sourceTree = "<group>";
		};
		4E79B54B1DB980F3005630B4 /* classes */ = {
			isa = PBXGroup;
			children = (
				4E10B4841DB1BBA100E07B84 /* CircularTransition.swift */,
				4E16948C1DB5AFB800301B77 /* AddressCell.swift */,
				4E69FCC61DB7358000D01986 /* AddressList.swift */,
				4E16948E1DB5C38A00301B77 /* AddressModel.swift */,
			);
			name = classes;
			sourceTree = "<group>";
		};
		4EAE25521DA7132200EF3CDE /* Images */ = {
			isa = PBXGroup;
			children = (
				4E5FE3451DA747CC00B05F54 /* profilePicture@3x.png */,
				4EAE25551DA71B6800EF3CDE /* facebookPopUpView.png */,
				4EAE25531DA7137300EF3CDE /* FacebookLoginBlurBG.png */,
			);
			name = Images;
			sourceTree = "<group>";
		};
		4EB2B0851DA4B47B00181DD5 /* Fonts */ = {
			isa = PBXGroup;
			children = (
				4E79B5471DB8DAA9005630B4 /* VCR_OSD_MONO.ttf */,
				4E9867811DA666A30007E162 /* SFNSDisplay.ttf */,
				4E98677E1DA61C6C0007E162 /* GothamHTF-Book.ttf */,
				4E98677F1DA61C9D0007E162 /* Montserrat-Regular.ttf */,
				4E9867801DA61CD60007E162 /* SF-UI-Text-Medium.otf */,
				4E98677D1DA61C4B0007E162 /* Blair ITC Std.ttf */,
				4EB2B0861DA4B49800181DD5 /* syncopate-regular.ttf */,
			);
			name = Fonts;
			sourceTree = "<group>";
		};
		4EC8D98A1DC1727E00815CA3 /* Shopping Bag */ = {
			isa = PBXGroup;
			children = (
				4ED51B641DBC42B70075375E /* View3.swift */,
			);
			name = "Shopping Bag";
			sourceTree = "<group>";
		};
		4EC8D98F1DC1A84500815CA3 /* Vendor */ = {
			isa = PBXGroup;
			children = (
				4EC8D98D1DC1A6BE00815CA3 /* ProductViewCell.xib */,
				4EAA29321DC2B9BB00BD02EC /* VendorPage.swift */,
				4EC8D9901DC1A86C00815CA3 /* Product.swift */,
				4EAA29301DC2B93900BD02EC /* VendorLogo.swift */,
				4E104A551DC042980085180C /* VendorProfile.swift */,
				4EC8D9941DC1A92700815CA3 /* Option.swift */,
				4EC8D9961DC1A95500815CA3 /* ProductCell.swift */,
			);
			name = Vendor;
			sourceTree = "<group>";
		};
		4ED51B511DBAF6050075375E /* Storyboard */ = {
			isa = PBXGroup;
			children = (
				4ED51B5F1DBB57AB0075375E /* MainUserInterFace */,
				4ED51B521DBAF61F0075375E /* XIB files */,
			);
			name = Storyboard;
			path = AppearLoginProfile;
			sourceTree = "<group>";
		};
		4ED51B521DBAF61F0075375E /* XIB files */ = {
			isa = PBXGroup;
			children = (
				4E79B5401DB8C808005630B4 /* storeProfileCell.xib */,
			);
			name = "XIB files";
			path = ..;
			sourceTree = "<group>";
		};
		4ED51B5F1DBB57AB0075375E /* MainUserInterFace */ = {
			isa = PBXGroup;
			children = (
				4E104A4A1DBD82520085180C /* AppearHomeNavigation.swift */,
				4E79B53A1DB88EC9005630B4 /* ShoppingExperience.storyboard */,
				4ED51B691DBC76E30075375E /* User Profile */,
				4ED51B681DBC76CB0075375E /* Shopping Experience */,
				4EC8D98F1DC1A84500815CA3 /* Vendor */,
				4EC8D98A1DC1727E00815CA3 /* Shopping Bag */,
				4E79B54B1DB980F3005630B4 /* classes */,
			);
			name = MainUserInterFace;
			sourceTree = "<group>";
		};
		4ED51B681DBC76CB0075375E /* Shopping Experience */ = {
			isa = PBXGroup;
			children = (
				4E79B5491DB980B3005630B4 /* Vendor.swift */,
				4ED51B601DBB57D50075375E /* View2.swift */,
				4E79B5451DB8CACB005630B4 /* StoreProfileList.swift */,
			);
			name = "Shopping Experience";
			sourceTree = "<group>";
		};
		4ED51B691DBC76E30075375E /* User Profile */ = {
			isa = PBXGroup;
			children = (
				4E104A511DBEF5230085180C /* User.swift */,
				4E104A4F1DBED28B0085180C /* FBPopUpView.swift */,
				4E23C5D31DAB1981001022A9 /* ProfileView.swift */,
				4ED51B591DBB2C950075375E /* view1.swift */,
				4EFBBC7D1DAB505500F20D34 /* ViewProfilePopUp.swift */,
				4ED51B6B1DBC77170075375E /* Profile */,
				4ED51B6A1DBC77080075375E /* Address Gallery */,
			);
			name = "User Profile";
			sourceTree = "<group>";
		};
		4ED51B6A1DBC77080075375E /* Address Gallery */ = {
			isa = PBXGroup;
			children = (
				4EB4C2DB1DAF5C9200691EC4 /* AddressMapView.swift */,
				4EB8595A1DADED5F007CA92F /* AddressGalleryView.swift */,
			);
			name = "Address Gallery";
			sourceTree = "<group>";
		};
		4ED51B6B1DBC77170075375E /* Profile */ = {
			isa = PBXGroup;
			children = (
				4ED51B551DBB104E0075375E /* profileSegue.swift */,
			);
			name = Profile;
			sourceTree = "<group>";
		};
/* End PBXGroup section */

/* Begin PBXNativeTarget section */
		4E570B801DA2284200E2AC3F /* AppearLoginProfile */ = {
			isa = PBXNativeTarget;
			buildConfigurationList = 4E570B961DA2284200E2AC3F /* Build configuration list for PBXNativeTarget "AppearLoginProfile" */;
			buildPhases = (
				A105D4D080552589B9EC8F03 /* [CP] Check Pods Manifest.lock */,
				4E570B7D1DA2284200E2AC3F /* Sources */,
				4E570B7E1DA2284200E2AC3F /* Frameworks */,
				4E570B7F1DA2284200E2AC3F /* Resources */,
				18CF26D49B417462A6BBF596 /* [CP] Embed Pods Frameworks */,
				D5F5EB5358259BBF39CA4A76 /* [CP] Copy Pods Resources */,
			);
			buildRules = (
			);
			dependencies = (
			);
			name = AppearLoginProfile;
			productName = AppearLoginProfile;
			productReference = 4E570B811DA2284200E2AC3F /* AppearLoginProfile.app */;
			productType = "com.apple.product-type.application";
		};
/* End PBXNativeTarget section */

/* Begin PBXProject section */
		4E570B791DA2284200E2AC3F /* Project object */ = {
			isa = PBXProject;
			attributes = {
				LastSwiftUpdateCheck = 0800;
				LastUpgradeCheck = 0800;
				ORGANIZATIONNAME = Appear;
				TargetAttributes = {
					4E570B801DA2284200E2AC3F = {
						CreatedOnToolsVersion = 8.0;
						DevelopmentTeam = YNE7SAJRJY;
						ProvisioningStyle = Automatic;
						SystemCapabilities = {
							com.apple.Keychain = {
								enabled = 1;
							};
						};
					};
				};
			};
			buildConfigurationList = 4E570B7C1DA2284200E2AC3F /* Build configuration list for PBXProject "AppearLoginProfile" */;
			compatibilityVersion = "Xcode 3.2";
			developmentRegion = English;
			hasScannedForEncodings = 0;
			knownRegions = (
				en,
				Base,
			);
			mainGroup = 4E570B781DA2284200E2AC3F;
			productRefGroup = 4E570B821DA2284200E2AC3F /* Products */;
			projectDirPath = "";
			projectRoot = "";
			targets = (
				4E570B801DA2284200E2AC3F /* AppearLoginProfile */,
			);
		};
/* End PBXProject section */

/* Begin PBXResourcesBuildPhase section */
		4E570B7F1DA2284200E2AC3F /* Resources */ = {
			isa = PBXResourcesBuildPhase;
			buildActionMask = 2147483647;
			files = (
				4EB859531DAC89CB007CA92F /* GothamHTF-Book.ttf in Resources */,
				4EB8594F1DAC89B6007CA92F /* Montserrat-Regular.ttf in Resources */,
				4E5FE3461DA747CC00B05F54 /* profilePicture@3x.png in Resources */,
				4E69FCC51DB6D73500D01986 /* Pop.mp3 in Resources */,
				4EB859521DAC89C8007CA92F /* syncopate-regular.ttf in Resources */,
				4E79B5481DB8DAA9005630B4 /* VCR_OSD_MONO.ttf in Resources */,
				4E570B921DA2284200E2AC3F /* LaunchScreen.storyboard in Resources */,
				4E570B8F1DA2284200E2AC3F /* Assets.xcassets in Resources */,
				4EEE70441DA26CF2002FF72B /* GoogleService-Info.plist in Resources */,
				4EB859541DAC89CE007CA92F /* SFNSDisplay.ttf in Resources */,
				4EA8CE341DA2377600AFFC0E /* Podfile in Resources */,
				4E570B8A1DA2284200E2AC3F /* Main.storyboard in Resources */,
				4EC8D98E1DC1A6BE00815CA3 /* ProductViewCell.xib in Resources */,
				4EB859511DAC89C5007CA92F /* Blair ITC Std.ttf in Resources */,
				4E69FCCB1DB788C100D01986 /* swipe.mp3 in Resources */,
				4EAE25561DA71B6800EF3CDE /* facebookPopUpView.png in Resources */,
				4E69FCC31DB6CE4F00D01986 /* AddSound.mp3 in Resources */,
				4E79B5411DB8C808005630B4 /* storeProfileCell.xib in Resources */,
				4E69FCC91DB7881F00D01986 /* swish.mp3 in Resources */,
				4EB859501DAC89BA007CA92F /* SF-UI-Text-Medium.otf in Resources */,
				4E79B53B1DB88EC9005630B4 /* ShoppingExperience.storyboard in Resources */,
				4EAE25541DA7137300EF3CDE /* FacebookLoginBlurBG.png in Resources */,
			);
			runOnlyForDeploymentPostprocessing = 0;
		};
/* End PBXResourcesBuildPhase section */

/* Begin PBXShellScriptBuildPhase section */
		18CF26D49B417462A6BBF596 /* [CP] Embed Pods Frameworks */ = {
			isa = PBXShellScriptBuildPhase;
			buildActionMask = 2147483647;
			files = (
			);
			inputPaths = (
			);
			name = "[CP] Embed Pods Frameworks";
			outputPaths = (
			);
			runOnlyForDeploymentPostprocessing = 0;
			shellPath = /bin/sh;
			shellScript = "\"${SRCROOT}/Pods/Target Support Files/Pods-AppearLoginProfile/Pods-AppearLoginProfile-frameworks.sh\"\n";
			showEnvVarsInLog = 0;
		};
		A105D4D080552589B9EC8F03 /* [CP] Check Pods Manifest.lock */ = {
			isa = PBXShellScriptBuildPhase;
			buildActionMask = 2147483647;
			files = (
			);
			inputPaths = (
			);
			name = "[CP] Check Pods Manifest.lock";
			outputPaths = (
			);
			runOnlyForDeploymentPostprocessing = 0;
			shellPath = /bin/sh;
			shellScript = "diff \"${PODS_ROOT}/../Podfile.lock\" \"${PODS_ROOT}/Manifest.lock\" > /dev/null\nif [ $? != 0 ] ; then\n    # print error to STDERR\n    echo \"error: The sandbox is not in sync with the Podfile.lock. Run 'pod install' or update your CocoaPods installation.\" >&2\n    exit 1\nfi\n";
			showEnvVarsInLog = 0;
		};
		D5F5EB5358259BBF39CA4A76 /* [CP] Copy Pods Resources */ = {
			isa = PBXShellScriptBuildPhase;
			buildActionMask = 2147483647;
			files = (
			);
			inputPaths = (
			);
			name = "[CP] Copy Pods Resources";
			outputPaths = (
			);
			runOnlyForDeploymentPostprocessing = 0;
			shellPath = /bin/sh;
			shellScript = "\"${SRCROOT}/Pods/Target Support Files/Pods-AppearLoginProfile/Pods-AppearLoginProfile-resources.sh\"\n";
			showEnvVarsInLog = 0;
		};
/* End PBXShellScriptBuildPhase section */

/* Begin PBXSourcesBuildPhase section */
		4E570B7D1DA2284200E2AC3F /* Sources */ = {
			isa = PBXSourcesBuildPhase;
			buildActionMask = 2147483647;
			files = (
				4E69FCC71DB7358100D01986 /* AddressList.swift in Sources */,
				4EAA29331DC2B9BB00BD02EC /* VendorPage.swift in Sources */,
				4ED51B561DBB104E0075375E /* profileSegue.swift in Sources */,
				4ED51B5B1DBB2C950075375E /* view1.swift in Sources */,
				4E79B53F1DB8A3D1005630B4 /* StoreListViewController.swift in Sources */,
				4E16948D1DB5AFB800301B77 /* AddressCell.swift in Sources */,
				4E570B871DA2284200E2AC3F /* ViewController.swift in Sources */,
				4EB4C2DC1DAF5C9200691EC4 /* AddressMapView.swift in Sources */,
				4EC8D9911DC1A86C00815CA3 /* Product.swift in Sources */,
				4E79B54A1DB980B3005630B4 /* Vendor.swift in Sources */,
				4E104A561DC042980085180C /* VendorProfile.swift in Sources */,
				4E570B851DA2284200E2AC3F /* AppDelegate.swift in Sources */,
				4E104A501DBED28B0085180C /* FBPopUpView.swift in Sources */,
				4EFBBC7E1DAB505500F20D34 /* ViewProfilePopUp.swift in Sources */,
				4E7A579E1DA31AE40044CBBE /* ProfileViewController.swift in Sources */,
				4E10B4851DB1BBA100E07B84 /* CircularTransition.swift in Sources */,
				4EC8D9971DC1A95500815CA3 /* ProductCell.swift in Sources */,
				4EB8595B1DADED5F007CA92F /* AddressGalleryView.swift in Sources */,
				4E79B5461DB8CACB005630B4 /* StoreProfileList.swift in Sources */,
				4EAA29311DC2B93900BD02EC /* VendorLogo.swift in Sources */,
				4ED51B621DBB57D50075375E /* View2.swift in Sources */,
				4ED51B661DBC42B70075375E /* View3.swift in Sources */,
				4E104A4B1DBD82520085180C /* AppearHomeNavigation.swift in Sources */,
				4EC8D9951DC1A92700815CA3 /* Option.swift in Sources */,
				4E16948F1DB5C38A00301B77 /* AddressModel.swift in Sources */,
				4E5FE3441DA7332300B05F54 /* FacebookLoginPopUp.swift in Sources */,
				4E23C5D41DAB1981001022A9 /* ProfileView.swift in Sources */,
				4E570B8D1DA2284200E2AC3F /* AppearLoginProfile.xcdatamodeld in Sources */,
				4E104A521DBEF5230085180C /* User.swift in Sources */,
			);
			runOnlyForDeploymentPostprocessing = 0;
		};
/* End PBXSourcesBuildPhase section */

/* Begin PBXVariantGroup section */
		4E570B881DA2284200E2AC3F /* Main.storyboard */ = {
			isa = PBXVariantGroup;
			children = (
				4E570B891DA2284200E2AC3F /* Base */,
			);
			name = Main.storyboard;
			path = AppearLoginProfile;
			sourceTree = "<group>";
		};
		4E570B901DA2284200E2AC3F /* LaunchScreen.storyboard */ = {
			isa = PBXVariantGroup;
			children = (
				4E570B911DA2284200E2AC3F /* Base */,
			);
			name = LaunchScreen.storyboard;
			sourceTree = "<group>";
		};
/* End PBXVariantGroup section */

/* Begin XCBuildConfiguration section */
		4E570B941DA2284200E2AC3F /* Debug */ = {
			isa = XCBuildConfiguration;
			buildSettings = {
				ALWAYS_SEARCH_USER_PATHS = NO;
				CLANG_ANALYZER_NONNULL = YES;
				CLANG_CXX_LANGUAGE_STANDARD = "gnu++0x";
				CLANG_CXX_LIBRARY = "libc++";
				CLANG_ENABLE_MODULES = YES;
				CLANG_ENABLE_OBJC_ARC = YES;
				CLANG_WARN_BOOL_CONVERSION = YES;
				CLANG_WARN_CONSTANT_CONVERSION = YES;
				CLANG_WARN_DIRECT_OBJC_ISA_USAGE = YES_ERROR;
				CLANG_WARN_DOCUMENTATION_COMMENTS = YES;
				CLANG_WARN_EMPTY_BODY = YES;
				CLANG_WARN_ENUM_CONVERSION = YES;
				CLANG_WARN_INFINITE_RECURSION = YES;
				CLANG_WARN_INT_CONVERSION = YES;
				CLANG_WARN_OBJC_ROOT_CLASS = YES_ERROR;
				CLANG_WARN_SUSPICIOUS_MOVE = YES;
				CLANG_WARN_SUSPICIOUS_MOVES = YES;
				CLANG_WARN_UNREACHABLE_CODE = YES;
				CLANG_WARN__DUPLICATE_METHOD_MATCH = YES;
				"CODE_SIGN_IDENTITY[sdk=iphoneos*]" = "iPhone Developer";
				COPY_PHASE_STRIP = NO;
				DEBUG_INFORMATION_FORMAT = dwarf;
				ENABLE_STRICT_OBJC_MSGSEND = YES;
				ENABLE_TESTABILITY = YES;
				GCC_C_LANGUAGE_STANDARD = gnu99;
				GCC_DYNAMIC_NO_PIC = NO;
				GCC_NO_COMMON_BLOCKS = YES;
				GCC_OPTIMIZATION_LEVEL = 0;
				GCC_PREPROCESSOR_DEFINITIONS = (
					"DEBUG=1",
					"$(inherited)",
				);
				GCC_WARN_64_TO_32_BIT_CONVERSION = YES;
				GCC_WARN_ABOUT_RETURN_TYPE = YES_ERROR;
				GCC_WARN_UNDECLARED_SELECTOR = YES;
				GCC_WARN_UNINITIALIZED_AUTOS = YES_AGGRESSIVE;
				GCC_WARN_UNUSED_FUNCTION = YES;
				GCC_WARN_UNUSED_VARIABLE = YES;
				IPHONEOS_DEPLOYMENT_TARGET = 10.0;
				MTL_ENABLE_DEBUG_INFO = YES;
				ONLY_ACTIVE_ARCH = YES;
				SDKROOT = iphoneos;
				SWIFT_ACTIVE_COMPILATION_CONDITIONS = DEBUG;
				SWIFT_OPTIMIZATION_LEVEL = "-Onone";
				TARGETED_DEVICE_FAMILY = "1,2";
			};
			name = Debug;
		};
		4E570B951DA2284200E2AC3F /* Release */ = {
			isa = XCBuildConfiguration;
			buildSettings = {
				ALWAYS_SEARCH_USER_PATHS = NO;
				CLANG_ANALYZER_NONNULL = YES;
				CLANG_CXX_LANGUAGE_STANDARD = "gnu++0x";
				CLANG_CXX_LIBRARY = "libc++";
				CLANG_ENABLE_MODULES = YES;
				CLANG_ENABLE_OBJC_ARC = YES;
				CLANG_WARN_BOOL_CONVERSION = YES;
				CLANG_WARN_CONSTANT_CONVERSION = YES;
				CLANG_WARN_DIRECT_OBJC_ISA_USAGE = YES_ERROR;
				CLANG_WARN_DOCUMENTATION_COMMENTS = YES;
				CLANG_WARN_EMPTY_BODY = YES;
				CLANG_WARN_ENUM_CONVERSION = YES;
				CLANG_WARN_INFINITE_RECURSION = YES;
				CLANG_WARN_INT_CONVERSION = YES;
				CLANG_WARN_OBJC_ROOT_CLASS = YES_ERROR;
				CLANG_WARN_SUSPICIOUS_MOVE = YES;
				CLANG_WARN_SUSPICIOUS_MOVES = YES;
				CLANG_WARN_UNREACHABLE_CODE = YES;
				CLANG_WARN__DUPLICATE_METHOD_MATCH = YES;
				"CODE_SIGN_IDENTITY[sdk=iphoneos*]" = "iPhone Developer";
				COPY_PHASE_STRIP = NO;
				DEBUG_INFORMATION_FORMAT = "dwarf-with-dsym";
				ENABLE_NS_ASSERTIONS = NO;
				ENABLE_STRICT_OBJC_MSGSEND = YES;
				GCC_C_LANGUAGE_STANDARD = gnu99;
				GCC_NO_COMMON_BLOCKS = YES;
				GCC_WARN_64_TO_32_BIT_CONVERSION = YES;
				GCC_WARN_ABOUT_RETURN_TYPE = YES_ERROR;
				GCC_WARN_UNDECLARED_SELECTOR = YES;
				GCC_WARN_UNINITIALIZED_AUTOS = YES_AGGRESSIVE;
				GCC_WARN_UNUSED_FUNCTION = YES;
				GCC_WARN_UNUSED_VARIABLE = YES;
				IPHONEOS_DEPLOYMENT_TARGET = 10.0;
				MTL_ENABLE_DEBUG_INFO = NO;
				SDKROOT = iphoneos;
				SWIFT_OPTIMIZATION_LEVEL = "-Owholemodule";
				TARGETED_DEVICE_FAMILY = "1,2";
				VALIDATE_PRODUCT = YES;
			};
			name = Release;
		};
		4E570B971DA2284200E2AC3F /* Debug */ = {
			isa = XCBuildConfiguration;
			baseConfigurationReference = 302960D57C7FCFE0D133EFBC /* Pods-AppearLoginProfile.debug.xcconfig */;
			buildSettings = {
				ASSETCATALOG_COMPILER_APPICON_NAME = AppIcon;
				CODE_SIGN_ENTITLEMENTS = AppearLoginProfile/AppearLoginProfile.entitlements;
				DEVELOPMENT_TEAM = YNE7SAJRJY;
				INFOPLIST_FILE = AppearLoginProfile/Info.plist;
				LD_RUNPATH_SEARCH_PATHS = "$(inherited) @executable_path/Frameworks";
				PRODUCT_BUNDLE_IDENTIFIER = AppearTechnology.AppearLoginProfile;
				PRODUCT_NAME = "$(TARGET_NAME)";
				SWIFT_VERSION = 3.0;
			};
			name = Debug;
		};
		4E570B981DA2284200E2AC3F /* Release */ = {
			isa = XCBuildConfiguration;
			baseConfigurationReference = 4221072A6F8F629821A45100 /* Pods-AppearLoginProfile.release.xcconfig */;
			buildSettings = {
				ASSETCATALOG_COMPILER_APPICON_NAME = AppIcon;
				CODE_SIGN_ENTITLEMENTS = AppearLoginProfile/AppearLoginProfile.entitlements;
				DEVELOPMENT_TEAM = YNE7SAJRJY;
				INFOPLIST_FILE = AppearLoginProfile/Info.plist;
				LD_RUNPATH_SEARCH_PATHS = "$(inherited) @executable_path/Frameworks";
				PRODUCT_BUNDLE_IDENTIFIER = AppearTechnology.AppearLoginProfile;
				PRODUCT_NAME = "$(TARGET_NAME)";
				SWIFT_VERSION = 3.0;
			};
			name = Release;
		};
/* End XCBuildConfiguration section */

/* Begin XCConfigurationList section */
		4E570B7C1DA2284200E2AC3F /* Build configuration list for PBXProject "AppearLoginProfile" */ = {
			isa = XCConfigurationList;
			buildConfigurations = (
				4E570B941DA2284200E2AC3F /* Debug */,
				4E570B951DA2284200E2AC3F /* Release */,
			);
			defaultConfigurationIsVisible = 0;
			defaultConfigurationName = Release;
		};
		4E570B961DA2284200E2AC3F /* Build configuration list for PBXNativeTarget "AppearLoginProfile" */ = {
			isa = XCConfigurationList;
			buildConfigurations = (
				4E570B971DA2284200E2AC3F /* Debug */,
				4E570B981DA2284200E2AC3F /* Release */,
			);
			defaultConfigurationIsVisible = 0;
			defaultConfigurationName = Release;
		};
/* End XCConfigurationList section */

/* Begin XCVersionGroup section */
		4E570B8B1DA2284200E2AC3F /* AppearLoginProfile.xcdatamodeld */ = {
			isa = XCVersionGroup;
			children = (
				4E570B8C1DA2284200E2AC3F /* AppearLoginProfile.xcdatamodel */,
			);
			currentVersion = 4E570B8C1DA2284200E2AC3F /* AppearLoginProfile.xcdatamodel */;
			name = AppearLoginProfile.xcdatamodeld;
			path = AppearLoginProfile/AppearLoginProfile.xcdatamodeld;
			sourceTree = "<group>";
			versionGroupType = wrapper.xcdatamodel;
		};
/* End XCVersionGroup section */
	};
	rootObject = 4E570B791DA2284200E2AC3F /* Project object */;
}
